
Microsoft Visual Studio Solution File, Format Version 12.00
# Visual Studio Version 16
VisualStudioVersion = 16.0.31729.503
MinimumVisualStudioVersion = 10.0.40219.1
Project("{FAE04EC0-301F-11D3-BF4B-00C04F79EFBC}") = "VibeWorld", "src\VibeWorld.csproj", "{6A821215-F45B-495E-B0EF-5820766829F5}"
EndProject
Global
	GlobalSection(SolutionConfigurationPlatforms) = preSolution
		Debug|Any CPU = Debug|Any CPU
		Release|Any CPU = Release|Any CPU
	EndGlobalSection
	GlobalSection(ProjectConfigurationPlatforms) = postSolution
		{6A821215-F45B-495E-B0EF-5820766829F5}.Debug|Any CPU.ActiveCfg = Debug|Any CPU
		{6A821215-F45B-495E-B0EF-5820766829F5}.Debug|Any CPU.Build.0 = Debug|Any CPU
		{6A821215-F45B-495E-B0EF-5820766829F5}.Release|Any CPU.ActiveCfg = Release|Any CPU
		{6A821215-F45B-495E-B0EF-5820766829F5}.Release|Any CPU.Build.0 = Release|Any CPU
	EndGlobalSection
	GlobalSection(SolutionProperties) = preSolution
		HideSolutionNode = FALSE
	EndGlobalSection
	GlobalSection(ExtensibilityGlobals) = postSolution
		SolutionGuid = {20260C45-6535-4AA1-AE4C-D543D16CE8C6}
	EndGlobalSection
EndGlobal
